// !$*UTF8*$!
{
	archiveVersion = 1;
	classes = {
	};
	objectVersion = 50;
	objects = {

/* Begin PBXBuildFile section */
		A0029379256EF2E0009FF800 /* Localizable.strings in Resources */ = {isa = PBXBuildFile; fileRef = A002937B256EF2E0009FF800 /* Localizable.strings */; };
		A0029380256EF528009FF800 /* ExtensionString.swift in Sources */ = {isa = PBXBuildFile; fileRef = A002937F256EF528009FF800 /* ExtensionString.swift */; };
		A067606925658AB30019A442 /* AppDelegate.swift in Sources */ = {isa = PBXBuildFile; fileRef = A067606825658AB30019A442 /* AppDelegate.swift */; };
		A067606D25658AB30019A442 /* ViewController.swift in Sources */ = {isa = PBXBuildFile; fileRef = A067606C25658AB30019A442 /* ViewController.swift */; };
		A067607025658AB30019A442 /* Main.storyboard in Resources */ = {isa = PBXBuildFile; fileRef = A067606E25658AB30019A442 /* Main.storyboard */; };
		A067607225658AB40019A442 /* Assets.xcassets in Resources */ = {isa = PBXBuildFile; fileRef = A067607125658AB40019A442 /* Assets.xcassets */; };
		A067607525658AB40019A442 /* LaunchScreen.storyboard in Resources */ = {isa = PBXBuildFile; fileRef = A067607325658AB40019A442 /* LaunchScreen.storyboard */; };
		A067607D256593D70019A442 /* WeatherData.swift in Sources */ = {isa = PBXBuildFile; fileRef = A067607C256593D70019A442 /* WeatherData.swift */; };
		A067607F2565A9300019A442 /* JsonParseManager.swift in Sources */ = {isa = PBXBuildFile; fileRef = A067607E2565A9300019A442 /* JsonParseManager.swift */; };
		A06760822565C5A70019A442 /* CustomTableViewCell.swift in Sources */ = {isa = PBXBuildFile; fileRef = A06760812565C5A70019A442 /* CustomTableViewCell.swift */; };
		A071C727256AA0B9005661CD /* Weather.swift in Sources */ = {isa = PBXBuildFile; fileRef = A071C726256AA0B9005661CD /* Weather.swift */; };
		A0A892E5257EABC100344AC0 /* GoogleService-Info.plist in Resources */ = {isa = PBXBuildFile; fileRef = A0A892E4257EABC100344AC0 /* GoogleService-Info.plist */; };
		B970BEFFDA40854CFBD02146 /* Pods_Weather.framework in Frameworks */ = {isa = PBXBuildFile; fileRef = 01A8D892CDB2E45FB20AFAFD /* Pods_Weather.framework */; };
/* End PBXBuildFile section */

/* Begin PBXFileReference section */
		01A8D892CDB2E45FB20AFAFD /* Pods_Weather.framework */ = {isa = PBXFileReference; explicitFileType = wrapper.framework; includeInIndex = 0; path = Pods_Weather.framework; sourceTree = BUILT_PRODUCTS_DIR; };
		4596CF8922DE0D87712F8F37 /* Pods-Weather.debug.xcconfig */ = {isa = PBXFileReference; includeInIndex = 1; lastKnownFileType = text.xcconfig; name = "Pods-Weather.debug.xcconfig"; path = "Target Support Files/Pods-Weather/Pods-Weather.debug.xcconfig"; sourceTree = "<group>"; };
		A002937A256EF2E0009FF800 /* en */ = {isa = PBXFileReference; lastKnownFileType = text.plist.strings; name = en; path = en.lproj/Localizable.strings; sourceTree = "<group>"; };
		A002937C256EF301009FF800 /* ru */ = {isa = PBXFileReference; lastKnownFileType = text.plist.strings; name = ru; path = ru.lproj/Main.strings; sourceTree = "<group>"; };
		A002937D256EF301009FF800 /* ru */ = {isa = PBXFileReference; lastKnownFileType = text.plist.strings; name = ru; path = ru.lproj/LaunchScreen.strings; sourceTree = "<group>"; };
		A002937E256EF301009FF800 /* ru */ = {isa = PBXFileReference; lastKnownFileType = text.plist.strings; name = ru; path = ru.lproj/Localizable.strings; sourceTree = "<group>"; };
		A002937F256EF528009FF800 /* ExtensionString.swift */ = {isa = PBXFileReference; lastKnownFileType = sourcecode.swift; path = ExtensionString.swift; sourceTree = "<group>"; };
		A067606525658AB30019A442 /* Weather.app */ = {isa = PBXFileReference; explicitFileType = wrapper.application; includeInIndex = 0; path = Weather.app; sourceTree = BUILT_PRODUCTS_DIR; };
		A067606825658AB30019A442 /* AppDelegate.swift */ = {isa = PBXFileReference; lastKnownFileType = sourcecode.swift; path = AppDelegate.swift; sourceTree = "<group>"; };
		A067606C25658AB30019A442 /* ViewController.swift */ = {isa = PBXFileReference; lastKnownFileType = sourcecode.swift; path = ViewController.swift; sourceTree = "<group>"; };
		A067606F25658AB30019A442 /* Base */ = {isa = PBXFileReference; lastKnownFileType = file.storyboard; name = Base; path = Base.lproj/Main.storyboard; sourceTree = "<group>"; };
		A067607125658AB40019A442 /* Assets.xcassets */ = {isa = PBXFileReference; lastKnownFileType = folder.assetcatalog; path = Assets.xcassets; sourceTree = "<group>"; };
		A067607425658AB40019A442 /* Base */ = {isa = PBXFileReference; lastKnownFileType = file.storyboard; name = Base; path = Base.lproj/LaunchScreen.storyboard; sourceTree = "<group>"; };
		A067607625658AB40019A442 /* Info.plist */ = {isa = PBXFileReference; lastKnownFileType = text.plist.xml; path = Info.plist; sourceTree = "<group>"; };
		A067607C256593D70019A442 /* WeatherData.swift */ = {isa = PBXFileReference; lastKnownFileType = sourcecode.swift; path = WeatherData.swift; sourceTree = "<group>"; };
		A067607E2565A9300019A442 /* JsonParseManager.swift */ = {isa = PBXFileReference; lastKnownFileType = sourcecode.swift; path = JsonParseManager.swift; sourceTree = "<group>"; };
		A06760812565C5A70019A442 /* CustomTableViewCell.swift */ = {isa = PBXFileReference; lastKnownFileType = sourcecode.swift; path = CustomTableViewCell.swift; sourceTree = "<group>"; };
		A071C726256AA0B9005661CD /* Weather.swift */ = {isa = PBXFileReference; lastKnownFileType = sourcecode.swift; path = Weather.swift; sourceTree = "<group>"; };
		A0A892E4257EABC100344AC0 /* GoogleService-Info.plist */ = {isa = PBXFileReference; fileEncoding = 4; lastKnownFileType = text.plist.xml; path = "GoogleService-Info.plist"; sourceTree = "<group>"; };
		F12BAEE5757DF75041D3F913 /* Pods-Weather.release.xcconfig */ = {isa = PBXFileReference; includeInIndex = 1; lastKnownFileType = text.xcconfig; name = "Pods-Weather.release.xcconfig"; path = "Target Support Files/Pods-Weather/Pods-Weather.release.xcconfig"; sourceTree = "<group>"; };
/* End PBXFileReference section */

/* Begin PBXFrameworksBuildPhase section */
		A067606225658AB30019A442 /* Frameworks */ = {
			isa = PBXFrameworksBuildPhase;
			buildActionMask = 2147483647;
			files = (
				B970BEFFDA40854CFBD02146 /* Pods_Weather.framework in Frameworks */,
			);
			runOnlyForDeploymentPostprocessing = 0;
		};
/* End PBXFrameworksBuildPhase section */

/* Begin PBXGroup section */
		708A28C03A8ED3B984F5B118 /* Frameworks */ = {
			isa = PBXGroup;
			children = (
				01A8D892CDB2E45FB20AFAFD /* Pods_Weather.framework */,
			);
			name = Frameworks;
			sourceTree = "<group>";
		};
		A067605C25658AB30019A442 = {
			isa = PBXGroup;
			children = (
				A067606725658AB30019A442 /* Weather */,
				A067606625658AB30019A442 /* Products */,
				BCAD83F4099ADDAB00ADF98F /* Pods */,
				708A28C03A8ED3B984F5B118 /* Frameworks */,
			);
			sourceTree = "<group>";
		};
		A067606625658AB30019A442 /* Products */ = {
			isa = PBXGroup;
			children = (
				A067606525658AB30019A442 /* Weather.app */,
			);
			name = Products;
			sourceTree = "<group>";
		};
		A067606725658AB30019A442 /* Weather */ = {
			isa = PBXGroup;
			children = (
				A06760802565C5610019A442 /* Cells */,
				A067606825658AB30019A442 /* AppDelegate.swift */,
				A067606C25658AB30019A442 /* ViewController.swift */,
				A067606E25658AB30019A442 /* Main.storyboard */,
				A071C726256AA0B9005661CD /* Weather.swift */,
				A067607C256593D70019A442 /* WeatherData.swift */,
				A067607E2565A9300019A442 /* JsonParseManager.swift */,
				A002937F256EF528009FF800 /* ExtensionString.swift */,
				A067607125658AB40019A442 /* Assets.xcassets */,
				A067607325658AB40019A442 /* LaunchScreen.storyboard */,
				A002937B256EF2E0009FF800 /* Localizable.strings */,
				A067607625658AB40019A442 /* Info.plist */,
				A0A892E4257EABC100344AC0 /* GoogleService-Info.plist */,
			);
			path = Weather;
			sourceTree = "<group>";
		};
		A06760802565C5610019A442 /* Cells */ = {
			isa = PBXGroup;
			children = (
				A06760812565C5A70019A442 /* CustomTableViewCell.swift */,
			);
			path = Cells;
			sourceTree = "<group>";
		};
		BCAD83F4099ADDAB00ADF98F /* Pods */ = {
			isa = PBXGroup;
			children = (
				4596CF8922DE0D87712F8F37 /* Pods-Weather.debug.xcconfig */,
				F12BAEE5757DF75041D3F913 /* Pods-Weather.release.xcconfig */,
			);
			path = Pods;
			sourceTree = "<group>";
		};
/* End PBXGroup section */

/* Begin PBXNativeTarget section */
		A067606425658AB30019A442 /* Weather */ = {
			isa = PBXNativeTarget;
			buildConfigurationList = A067607925658AB40019A442 /* Build configuration list for PBXNativeTarget "Weather" */;
			buildPhases = (
				E99EABAFC6AEE1A056514E99 /* [CP] Check Pods Manifest.lock */,
				A067606125658AB30019A442 /* Sources */,
				A067606225658AB30019A442 /* Frameworks */,
				A067606325658AB30019A442 /* Resources */,
				40980003B33D7965258B5288 /* [CP] Embed Pods Frameworks */,
			);
			buildRules = (
			);
			dependencies = (
			);
			name = Weather;
			productName = Weather;
			productReference = A067606525658AB30019A442 /* Weather.app */;
			productType = "com.apple.product-type.application";
		};
/* End PBXNativeTarget section */

/* Begin PBXProject section */
		A067605D25658AB30019A442 /* Project object */ = {
			isa = PBXProject;
			attributes = {
				LastSwiftUpdateCheck = 1160;
				LastUpgradeCheck = 1160;
				ORGANIZATIONNAME = "Denis Mikheykin";
				TargetAttributes = {
					A067606425658AB30019A442 = {
						CreatedOnToolsVersion = 11.6;
					};
				};
			};
			buildConfigurationList = A067606025658AB30019A442 /* Build configuration list for PBXProject "Weather" */;
			compatibilityVersion = "Xcode 9.3";
			developmentRegion = en;
			hasScannedForEncodings = 0;
			knownRegions = (
				en,
				Base,
				ru,
			);
			mainGroup = A067605C25658AB30019A442;
			productRefGroup = A067606625658AB30019A442 /* Products */;
			projectDirPath = "";
			projectRoot = "";
			targets = (
				A067606425658AB30019A442 /* Weather */,
			);
		};
/* End PBXProject section */

/* Begin PBXResourcesBuildPhase section */
		A067606325658AB30019A442 /* Resources */ = {
			isa = PBXResourcesBuildPhase;
			buildActionMask = 2147483647;
			files = (
				A067607525658AB40019A442 /* LaunchScreen.storyboard in Resources */,
				A0029379256EF2E0009FF800 /* Localizable.strings in Resources */,
				A0A892E5257EABC100344AC0 /* GoogleService-Info.plist in Resources */,
				A067607225658AB40019A442 /* Assets.xcassets in Resources */,
				A067607025658AB30019A442 /* Main.storyboard in Resources */,
			);
			runOnlyForDeploymentPostprocessing = 0;
		};
/* End PBXResourcesBuildPhase section */

/* Begin PBXShellScriptBuildPhase section */
		40980003B33D7965258B5288 /* [CP] Embed Pods Frameworks */ = {
			isa = PBXShellScriptBuildPhase;
			buildActionMask = 2147483647;
			files = (
			);
			inputFileListPaths = (
				"${PODS_ROOT}/Target Support Files/Pods-Weather/Pods-Weather-frameworks-${CONFIGURATION}-input-files.xcfilelist",
			);
			name = "[CP] Embed Pods Frameworks";
			outputFileListPaths = (
				"${PODS_ROOT}/Target Support Files/Pods-Weather/Pods-Weather-frameworks-${CONFIGURATION}-output-files.xcfilelist",
			);
			runOnlyForDeploymentPostprocessing = 0;
			shellPath = /bin/sh;
			shellScript = "\"${PODS_ROOT}/Target Support Files/Pods-Weather/Pods-Weather-frameworks.sh\"\n";
			showEnvVarsInLog = 0;
		};
		E99EABAFC6AEE1A056514E99 /* [CP] Check Pods Manifest.lock */ = {
			isa = PBXShellScriptBuildPhase;
			buildActionMask = 2147483647;
			files = (
			);
			inputFileListPaths = (
			);
			inputPaths = (
				"${PODS_PODFILE_DIR_PATH}/Podfile.lock",
				"${PODS_ROOT}/Manifest.lock",
			);
			name = "[CP] Check Pods Manifest.lock";
			outputFileListPaths = (
			);
			outputPaths = (
				"$(DERIVED_FILE_DIR)/Pods-Weather-checkManifestLockResult.txt",
			);
			runOnlyForDeploymentPostprocessing = 0;
			shellPath = /bin/sh;
			shellScript = "diff \"${PODS_PODFILE_DIR_PATH}/Podfile.lock\" \"${PODS_ROOT}/Manifest.lock\" > /dev/null\nif [ $? != 0 ] ; then\n    # print error to STDERR\n    echo \"error: The sandbox is not in sync with the Podfile.lock. Run 'pod install' or update your CocoaPods installation.\" >&2\n    exit 1\nfi\n# This output is used by Xcode 'outputs' to avoid re-running this script phase.\necho \"SUCCESS\" > \"${SCRIPT_OUTPUT_FILE_0}\"\n";
			showEnvVarsInLog = 0;
		};
/* End PBXShellScriptBuildPhase section */

/* Begin PBXSourcesBuildPhase section */
		A067606125658AB30019A442 /* Sources */ = {
			isa = PBXSourcesBuildPhase;
			buildActionMask = 2147483647;
			files = (
				A067606D25658AB30019A442 /* ViewController.swift in Sources */,
				A06760822565C5A70019A442 /* CustomTableViewCell.swift in Sources */,
				A067607D256593D70019A442 /* WeatherData.swift in Sources */,
				A067606925658AB30019A442 /* AppDelegate.swift in Sources */,
				A071C727256AA0B9005661CD /* Weather.swift in Sources */,
				A0029380256EF528009FF800 /* ExtensionString.swift in Sources */,
				A067607F2565A9300019A442 /* JsonParseManager.swift in Sources */,
			);
			runOnlyForDeploymentPostprocessing = 0;
		};
/* End PBXSourcesBuildPhase section */

/* Begin PBXVariantGroup section */
		A002937B256EF2E0009FF800 /* Localizable.strings */ = {
			isa = PBXVariantGroup;
			children = (
				A002937A256EF2E0009FF800 /* en */,
				A002937E256EF301009FF800 /* ru */,
			);
			name = Localizable.strings;
			sourceTree = "<group>";
		};
		A067606E25658AB30019A442 /* Main.storyboard */ = {
			isa = PBXVariantGroup;
			children = (
				A067606F25658AB30019A442 /* Base */,
				A002937C256EF301009FF800 /* ru */,
			);
			name = Main.storyboard;
			sourceTree = "<group>";
		};
		A067607325658AB40019A442 /* LaunchScreen.storyboard */ = {
			isa = PBXVariantGroup;
			children = (
				A067607425658AB40019A442 /* Base */,
				A002937D256EF301009FF800 /* ru */,
			);
			name = LaunchScreen.storyboard;
			sourceTree = "<group>";
		};
/* End PBXVariantGroup section */

/* Begin XCBuildConfiguration section */
		A067607725658AB40019A442 /* Debug */ = {
			isa = XCBuildConfiguration;
			buildSettings = {
				ALWAYS_SEARCH_USER_PATHS = NO;
				CLANG_ANALYZER_LOCALIZABILITY_NONLOCALIZED = YES;
				CLANG_ANALYZER_NONNULL = YES;
				CLANG_ANALYZER_NUMBER_OBJECT_CONVERSION = YES_AGGRESSIVE;
				CLANG_CXX_LANGUAGE_STANDARD = "gnu++14";
				CLANG_CXX_LIBRARY = "libc++";
				CLANG_ENABLE_MODULES = YES;
				CLANG_ENABLE_OBJC_ARC = YES;
				CLANG_ENABLE_OBJC_WEAK = YES;
				CLANG_WARN_BLOCK_CAPTURE_AUTORELEASING = YES;
				CLANG_WARN_BOOL_CONVERSION = YES;
				CLANG_WARN_COMMA = YES;
				CLANG_WARN_CONSTANT_CONVERSION = YES;
				CLANG_WARN_DEPRECATED_OBJC_IMPLEMENTATIONS = YES;
				CLANG_WARN_DIRECT_OBJC_ISA_USAGE = YES_ERROR;
				CLANG_WARN_DOCUMENTATION_COMMENTS = YES;
				CLANG_WARN_EMPTY_BODY = YES;
				CLANG_WARN_ENUM_CONVERSION = YES;
				CLANG_WARN_INFINITE_RECURSION = YES;
				CLANG_WARN_INT_CONVERSION = YES;
				CLANG_WARN_NON_LITERAL_NULL_CONVERSION = YES;
				CLANG_WARN_OBJC_IMPLICIT_RETAIN_SELF = YES;
				CLANG_WARN_OBJC_LITERAL_CONVERSION = YES;
				CLANG_WARN_OBJC_ROOT_CLASS = YES_ERROR;
				CLANG_WARN_RANGE_LOOP_ANALYSIS = YES;
				CLANG_WARN_STRICT_PROTOTYPES = YES;
				CLANG_WARN_SUSPICIOUS_MOVE = YES;
				CLANG_WARN_UNGUARDED_AVAILABILITY = YES_AGGRESSIVE;
				CLANG_WARN_UNREACHABLE_CODE = YES;
				CLANG_WARN__DUPLICATE_METHOD_MATCH = YES;
				COPY_PHASE_STRIP = NO;
				DEBUG_INFORMATION_FORMAT = dwarf;
				ENABLE_STRICT_OBJC_MSGSEND = YES;
				ENABLE_TESTABILITY = YES;
				GCC_C_LANGUAGE_STANDARD = gnu11;
				GCC_DYNAMIC_NO_PIC = NO;
				GCC_NO_COMMON_BLOCKS = YES;
				GCC_OPTIMIZATION_LEVEL = 0;
				GCC_PREPROCESSOR_DEFINITIONS = (
					"DEBUG=1",
					"$(inherited)",
				);
				GCC_WARN_64_TO_32_BIT_CONVERSION = YES;
				GCC_WARN_ABOUT_RETURN_TYPE = YES_ERROR;
				GCC_WARN_UNDECLARED_SELECTOR = YES;
				GCC_WARN_UNINITIALIZED_AUTOS = YES_AGGRESSIVE;
				GCC_WARN_UNUSED_FUNCTION = YES;
				GCC_WARN_UNUSED_VARIABLE = YES;
				IPHONEOS_DEPLOYMENT_TARGET = 13.6;
				MTL_ENABLE_DEBUG_INFO = INCLUDE_SOURCE;
				MTL_FAST_MATH = YES;
				ONLY_ACTIVE_ARCH = YES;
				SDKROOT = iphoneos;
				SWIFT_ACTIVE_COMPILATION_CONDITIONS = DEBUG;
				SWIFT_OPTIMIZATION_LEVEL = "-Onone";
			};
			name = Debug;
		};
		A067607825658AB40019A442 /* Release */ = {
			isa = XCBuildConfiguration;
			buildSettings = {
				ALWAYS_SEARCH_USER_PATHS = NO;
				CLANG_ANALYZER_LOCALIZABILITY_NONLOCALIZED = YES;
				CLANG_ANALYZER_NONNULL = YES;
				CLANG_ANALYZER_NUMBER_OBJECT_CONVERSION = YES_AGGRESSIVE;
				CLANG_CXX_LANGUAGE_STANDARD = "gnu++14";
				CLANG_CXX_LIBRARY = "libc++";
				CLANG_ENABLE_MODULES = YES;
				CLANG_ENABLE_OBJC_ARC = YES;
				CLANG_ENABLE_OBJC_WEAK = YES;
				CLANG_WARN_BLOCK_CAPTURE_AUTORELEASING = YES;
				CLANG_WARN_BOOL_CONVERSION = YES;
				CLANG_WARN_COMMA = YES;
				CLANG_WARN_CONSTANT_CONVERSION = YES;
				CLANG_WARN_DEPRECATED_OBJC_IMPLEMENTATIONS = YES;
				CLANG_WARN_DIRECT_OBJC_ISA_USAGE = YES_ERROR;
				CLANG_WARN_DOCUMENTATION_COMMENTS = YES;
				CLANG_WARN_EMPTY_BODY = YES;
				CLANG_WARN_ENUM_CONVERSION = YES;
				CLANG_WARN_INFINITE_RECURSION = YES;
				CLANG_WARN_INT_CONVERSION = YES;
				CLANG_WARN_NON_LITERAL_NULL_CONVERSION = YES;
				CLANG_WARN_OBJC_IMPLICIT_RETAIN_SELF = YES;
				CLANG_WARN_OBJC_LITERAL_CONVERSION = YES;
				CLANG_WARN_OBJC_ROOT_CLASS = YES_ERROR;
				CLANG_WARN_RANGE_LOOP_ANALYSIS = YES;
				CLANG_WARN_STRICT_PROTOTYPES = YES;
				CLANG_WARN_SUSPICIOUS_MOVE = YES;
				CLANG_WARN_UNGUARDED_AVAILABILITY = YES_AGGRESSIVE;
				CLANG_WARN_UNREACHABLE_CODE = YES;
				CLANG_WARN__DUPLICATE_METHOD_MATCH = YES;
				COPY_PHASE_STRIP = NO;
				DEBUG_INFORMATION_FORMAT = "dwarf-with-dsym";
				ENABLE_NS_ASSERTIONS = NO;
				ENABLE_STRICT_OBJC_MSGSEND = YES;
				GCC_C_LANGUAGE_STANDARD = gnu11;
				GCC_NO_COMMON_BLOCKS = YES;
				GCC_WARN_64_TO_32_BIT_CONVERSION = YES;
				GCC_WARN_ABOUT_RETURN_TYPE = YES_ERROR;
				GCC_WARN_UNDECLARED_SELECTOR = YES;
				GCC_WARN_UNINITIALIZED_AUTOS = YES_AGGRESSIVE;
				GCC_WARN_UNUSED_FUNCTION = YES;
				GCC_WARN_UNUSED_VARIABLE = YES;
				IPHONEOS_DEPLOYMENT_TARGET = 13.6;
				MTL_ENABLE_DEBUG_INFO = NO;
				MTL_FAST_MATH = YES;
				SDKROOT = iphoneos;
				SWIFT_COMPILATION_MODE = wholemodule;
				SWIFT_OPTIMIZATION_LEVEL = "-O";
				VALIDATE_PRODUCT = YES;
			};
			name = Release;
		};
		A067607A25658AB40019A442 /* Debug */ = {
			isa = XCBuildConfiguration;
			baseConfigurationReference = 4596CF8922DE0D87712F8F37 /* Pods-Weather.debug.xcconfig */;
			buildSettings = {
				ASSETCATALOG_COMPILER_APPICON_NAME = AppIcon;
				CODE_SIGN_STYLE = Automatic;
				DEVELOPMENT_TEAM = 57M92R7JCQ;
				INFOPLIST_FILE = Weather/Info.plist;
				LD_RUNPATH_SEARCH_PATHS = (
					"$(inherited)",
					"@executable_path/Frameworks",
				);
				PRODUCT_BUNDLE_IDENTIFIER = com.denisMikheykin.Weather;
				PRODUCT_NAME = "$(TARGET_NAME)";
				SWIFT_VERSION = 5.0;
				TARGETED_DEVICE_FAMILY = "1,2";
			};
			name = Debug;
		};
		A067607B25658AB40019A442 /* Release */ = {
			isa = XCBuildConfiguration;
			baseConfigurationReference = F12BAEE5757DF75041D3F913 /* Pods-Weather.release.xcconfig */;
			buildSettings = {
				ASSETCATALOG_COMPILER_APPICON_NAME = AppIcon;
				CODE_SIGN_STYLE = Automatic;
				DEVELOPMENT_TEAM = 57M92R7JCQ;
				INFOPLIST_FILE = Weather/Info.plist;
				LD_RUNPATH_SEARCH_PATHS = (
					"$(inherited)",
					"@executable_path/Frameworks",
				);
				PRODUCT_BUNDLE_IDENTIFIER = com.denisMikheykin.Weather;
				PRODUCT_NAME = "$(TARGET_NAME)";
				SWIFT_VERSION = 5.0;
				TARGETED_DEVICE_FAMILY = "1,2";
			};
			name = Release;
		};
/* End XCBuildConfiguration section */

/* Begin XCConfigurationList section */
		A067606025658AB30019A442 /* Build configuration list for PBXProject "Weather" */ = {
			isa = XCConfigurationList;
			buildConfigurations = (
				A067607725658AB40019A442 /* Debug */,
				A067607825658AB40019A442 /* Release */,
			);
			defaultConfigurationIsVisible = 0;
			defaultConfigurationName = Release;
		};
		A067607925658AB40019A442 /* Build configuration list for PBXNativeTarget "Weather" */ = {
			isa = XCConfigurationList;
			buildConfigurations = (
				A067607A25658AB40019A442 /* Debug */,
				A067607B25658AB40019A442 /* Release */,
			);
			defaultConfigurationIsVisible = 0;
			defaultConfigurationName = Release;
		};
/* End XCConfigurationList section */
	};
	rootObject = A067605D25658AB30019A442 /* Project object */;
}
